// !$*UTF8*$!
{
	archiveVersion = 1;
	classes = {
	};
	objectVersion = 46;
	objects = {

/* Begin PBXBuildFile section */
		0E4AB74B1EE8F5A500BD2724 /* main.m in Sources */ = {isa = PBXBuildFile; fileRef = 0E4AB74A1EE8F5A500BD2724 /* main.m */; };
		0E4AB74E1EE8F5A500BD2724 /* AppDelegate.m in Sources */ = {isa = PBXBuildFile; fileRef = 0E4AB74D1EE8F5A500BD2724 /* AppDelegate.m */; };
		0E4AB7511EE8F5A500BD2724 /* ViewController.m in Sources */ = {isa = PBXBuildFile; fileRef = 0E4AB7501EE8F5A500BD2724 /* ViewController.m */; };
		0E4AB7541EE8F5A500BD2724 /* Main.storyboard in Resources */ = {isa = PBXBuildFile; fileRef = 0E4AB7521EE8F5A500BD2724 /* Main.storyboard */; };
		0E4AB7561EE8F5A500BD2724 /* Assets.xcassets in Resources */ = {isa = PBXBuildFile; fileRef = 0E4AB7551EE8F5A500BD2724 /* Assets.xcassets */; };
		0E4AB7591EE8F5A500BD2724 /* LaunchScreen.storyboard in Resources */ = {isa = PBXBuildFile; fileRef = 0E4AB7571EE8F5A500BD2724 /* LaunchScreen.storyboard */; };
		0E4AB7631EE8F65500BD2724 /* JGZAlertView.m in Sources */ = {isa = PBXBuildFile; fileRef = 0E4AB7621EE8F65500BD2724 /* JGZAlertView.m */; };
		0E4AB7661EE8FAC800BD2724 /* ViewControllerCell.m in Sources */ = {isa = PBXBuildFile; fileRef = 0E4AB7651EE8FAC800BD2724 /* ViewControllerCell.m */; };
/* End PBXBuildFile section */

/* Begin PBXFileReference section */
		0E4AB7461EE8F5A500BD2724 /* JGZAlertViewDemo.app */ = {isa = PBXFileReference; explicitFileType = wrapper.application; includeInIndex = 0; path = JGZAlertViewDemo.app; sourceTree = BUILT_PRODUCTS_DIR; };
		0E4AB74A1EE8F5A500BD2724 /* main.m */ = {isa = PBXFileReference; lastKnownFileType = sourcecode.c.objc; path = main.m; sourceTree = "<group>"; };
		0E4AB74C1EE8F5A500BD2724 /* AppDelegate.h */ = {isa = PBXFileReference; lastKnownFileType = sourcecode.c.h; path = AppDelegate.h; sourceTree = "<group>"; };
		0E4AB74D1EE8F5A500BD2724 /* AppDelegate.m */ = {isa = PBXFileReference; lastKnownFileType = sourcecode.c.objc; path = AppDelegate.m; sourceTree = "<group>"; };
		0E4AB74F1EE8F5A500BD2724 /* ViewController.h */ = {isa = PBXFileReference; lastKnownFileType = sourcecode.c.h; path = ViewController.h; sourceTree = "<group>"; };
		0E4AB7501EE8F5A500BD2724 /* ViewController.m */ = {isa = PBXFileReference; lastKnownFileType = sourcecode.c.objc; path = ViewController.m; sourceTree = "<group>"; };
		0E4AB7531EE8F5A500BD2724 /* Base */ = {isa = PBXFileReference; lastKnownFileType = file.storyboard; name = Base; path = Base.lproj/Main.storyboard; sourceTree = "<group>"; };
		0E4AB7551EE8F5A500BD2724 /* Assets.xcassets */ = {isa = PBXFileReference; lastKnownFileType = folder.assetcatalog; path = Assets.xcassets; sourceTree = "<group>"; };
		0E4AB7581EE8F5A500BD2724 /* Base */ = {isa = PBXFileReference; lastKnownFileType = file.storyboard; name = Base; path = Base.lproj/LaunchScreen.storyboard; sourceTree = "<group>"; };
		0E4AB75A1EE8F5A500BD2724 /* Info.plist */ = {isa = PBXFileReference; lastKnownFileType = text.plist.xml; path = Info.plist; sourceTree = "<group>"; };
		0E4AB7611EE8F65500BD2724 /* JGZAlertView.h */ = {isa = PBXFileReference; fileEncoding = 4; lastKnownFileType = sourcecode.c.h; path = JGZAlertView.h; sourceTree = "<group>"; };
		0E4AB7621EE8F65500BD2724 /* JGZAlertView.m */ = {isa = PBXFileReference; fileEncoding = 4; lastKnownFileType = sourcecode.c.objc; path = JGZAlertView.m; sourceTree = "<group>"; };
		0E4AB7641EE8FAC800BD2724 /* ViewControllerCell.h */ = {isa = PBXFileReference; fileEncoding = 4; lastKnownFileType = sourcecode.c.h; path = ViewControllerCell.h; sourceTree = "<group>"; };
		0E4AB7651EE8FAC800BD2724 /* ViewControllerCell.m */ = {isa = PBXFileReference; fileEncoding = 4; lastKnownFileType = sourcecode.c.objc; path = ViewControllerCell.m; sourceTree = "<group>"; };
/* End PBXFileReference section */

/* Begin PBXFrameworksBuildPhase section */
		0E4AB7431EE8F5A500BD2724 /* Frameworks */ = {
			isa = PBXFrameworksBuildPhase;
			buildActionMask = 2147483647;
			files = (
			);
			runOnlyForDeploymentPostprocessing = 0;
		};
/* End PBXFrameworksBuildPhase section */

/* Begin PBXGroup section */
		0E4AB73D1EE8F5A500BD2724 = {
			isa = PBXGroup;
			children = (
				0E4AB7481EE8F5A500BD2724 /* JGZAlertViewDemo */,
				0E4AB7471EE8F5A500BD2724 /* Products */,
			);
			sourceTree = "<group>";
		};
		0E4AB7471EE8F5A500BD2724 /* Products */ = {
			isa = PBXGroup;
			children = (
				0E4AB7461EE8F5A500BD2724 /* JGZAlertViewDemo.app */,
			);
			name = Products;
			sourceTree = "<group>";
		};
		0E4AB7481EE8F5A500BD2724 /* JGZAlertViewDemo */ = {
			isa = PBXGroup;
			children = (
				0E4AB7601EE8F63400BD2724 /* JGZAlertView */,
				0E4AB74C1EE8F5A500BD2724 /* AppDelegate.h */,
				0E4AB74D1EE8F5A500BD2724 /* AppDelegate.m */,
				0E4AB74F1EE8F5A500BD2724 /* ViewController.h */,
				0E4AB7501EE8F5A500BD2724 /* ViewController.m */,
				0E4AB7641EE8FAC800BD2724 /* ViewControllerCell.h */,
				0E4AB7651EE8FAC800BD2724 /* ViewControllerCell.m */,
				0E4AB7521EE8F5A500BD2724 /* Main.storyboard */,
				0E4AB7551EE8F5A500BD2724 /* Assets.xcassets */,
				0E4AB7571EE8F5A500BD2724 /* LaunchScreen.storyboard */,
				0E4AB75A1EE8F5A500BD2724 /* Info.plist */,
				0E4AB7491EE8F5A500BD2724 /* Supporting Files */,
			);
			path = JGZAlertViewDemo;
			sourceTree = "<group>";
		};
		0E4AB7491EE8F5A500BD2724 /* Supporting Files */ = {
			isa = PBXGroup;
			children = (
				0E4AB74A1EE8F5A500BD2724 /* main.m */,
			);
			name = "Supporting Files";
			sourceTree = "<group>";
		};
		0E4AB7601EE8F63400BD2724 /* JGZAlertView */ = {
			isa = PBXGroup;
			children = (
				0E4AB7611EE8F65500BD2724 /* JGZAlertView.h */,
				0E4AB7621EE8F65500BD2724 /* JGZAlertView.m */,
			);
			path = JGZAlertView;
			sourceTree = "<group>";
		};
/* End PBXGroup section */

/* Begin PBXNativeTarget section */
		0E4AB7451EE8F5A500BD2724 /* JGZAlertViewDemo */ = {
			isa = PBXNativeTarget;
			buildConfigurationList = 0E4AB75D1EE8F5A500BD2724 /* Build configuration list for PBXNativeTarget "JGZAlertViewDemo" */;
			buildPhases = (
				0E4AB7421EE8F5A500BD2724 /* Sources */,
				0E4AB7431EE8F5A500BD2724 /* Frameworks */,
				0E4AB7441EE8F5A500BD2724 /* Resources */,
			);
			buildRules = (
			);
			dependencies = (
			);
			name = JGZAlertViewDemo;
			productName = JGZAlertViewDemo;
			productReference = 0E4AB7461EE8F5A500BD2724 /* JGZAlertViewDemo.app */;
			productType = "com.apple.product-type.application";
		};
/* End PBXNativeTarget section */

/* Begin PBXProject section */
		0E4AB73E1EE8F5A500BD2724 /* Project object */ = {
			isa = PBXProject;
			attributes = {
				LastUpgradeCheck = 0830;
				ORGANIZATIONNAME = "江贵铸";
				TargetAttributes = {
					0E4AB7451EE8F5A500BD2724 = {
						CreatedOnToolsVersion = 8.3.2;
						DevelopmentTeam = E2ZX76738J;
						ProvisioningStyle = Automatic;
					};
				};
			};
			buildConfigurationList = 0E4AB7411EE8F5A500BD2724 /* Build configuration list for PBXProject "JGZAlertViewDemo" */;
			compatibilityVersion = "Xcode 3.2";
			developmentRegion = English;
			hasScannedForEncodings = 0;
			knownRegions = (
				en,
				Base,
			);
			mainGroup = 0E4AB73D1EE8F5A500BD2724;
			productRefGroup = 0E4AB7471EE8F5A500BD2724 /* Products */;
			projectDirPath = "";
			projectRoot = "";
			targets = (
				0E4AB7451EE8F5A500BD2724 /* JGZAlertViewDemo */,
			);
		};
/* End PBXProject section */

/* Begin PBXResourcesBuildPhase section */
		0E4AB7441EE8F5A500BD2724 /* Resources */ = {
			isa = PBXResourcesBuildPhase;
			buildActionMask = 2147483647;
			files = (
				0E4AB7591EE8F5A500BD2724 /* LaunchScreen.storyboard in Resources */,
				0E4AB7561EE8F5A500BD2724 /* Assets.xcassets in Resources */,
				0E4AB7541EE8F5A500BD2724 /* Main.storyboard in Resources */,
			);
			runOnlyForDeploymentPostprocessing = 0;
		};
/* End PBXResourcesBuildPhase section */

/* Begin PBXSourcesBuildPhase section */
		0E4AB7421EE8F5A500BD2724 /* Sources */ = {
			isa = PBXSourcesBuildPhase;
			buildActionMask = 2147483647;
			files = (
				0E4AB7661EE8FAC800BD2724 /* ViewControllerCell.m in Sources */,
				0E4AB7511EE8F5A500BD2724 /* ViewController.m in Sources */,
				0E4AB74E1EE8F5A500BD2724 /* AppDelegate.m in Sources */,
				0E4AB74B1EE8F5A500BD2724 /* main.m in Sources */,
				0E4AB7631EE8F65500BD2724 /* JGZAlertView.m in Sources */,
			);
			runOnlyForDeploymentPostprocessing = 0;
		};
/* End PBXSourcesBuildPhase section */

/* Begin PBXVariantGroup section */
		0E4AB7521EE8F5A500BD2724 /* Main.storyboard */ = {
			isa = PBXVariantGroup;
			children = (
				0E4AB7531EE8F5A500BD2724 /* Base */,
			);
			name = Main.storyboard;
			sourceTree = "<group>";
		};
		0E4AB7571EE8F5A500BD2724 /* LaunchScreen.storyboard */ = {
			isa = PBXVariantGroup;
			children = (
				0E4AB7581EE8F5A500BD2724 /* Base */,
			);
			name = LaunchScreen.storyboard;
			sourceTree = "<group>";
		};
/* End PBXVariantGroup section */

/* Begin XCBuildConfiguration section */
		0E4AB75B1EE8F5A500BD2724 /* Debug */ = {
			isa = XCBuildConfiguration;
			buildSettings = {
				ALWAYS_SEARCH_USER_PATHS = NO;
				CLANG_ANALYZER_NONNULL = YES;
				CLANG_ANALYZER_NUMBER_OBJECT_CONVERSION = YES_AGGRESSIVE;
				CLANG_CXX_LANGUAGE_STANDARD = "gnu++0x";
				CLANG_CXX_LIBRARY = "libc++";
				CLANG_ENABLE_MODULES = YES;
				CLANG_ENABLE_OBJC_ARC = YES;
				CLANG_WARN_BOOL_CONVERSION = YES;
				CLANG_WARN_CONSTANT_CONVERSION = YES;
				CLANG_WARN_DIRECT_OBJC_ISA_USAGE = YES_ERROR;
				CLANG_WARN_DOCUMENTATION_COMMENTS = YES;
				CLANG_WARN_EMPTY_BODY = YES;
				CLANG_WARN_ENUM_CONVERSION = YES;
				CLANG_WARN_INFINITE_RECURSION = YES;
				CLANG_WARN_INT_CONVERSION = YES;
				CLANG_WARN_OBJC_ROOT_CLASS = YES_ERROR;
				CLANG_WARN_SUSPICIOUS_MOVE = YES;
				CLANG_WARN_UNREACHABLE_CODE = YES;
				CLANG_WARN__DUPLICATE_METHOD_MATCH = YES;
				"CODE_SIGN_IDENTITY[sdk=iphoneos*]" = "iPhone Developer";
				COPY_PHASE_STRIP = NO;
				DEBUG_INFORMATION_FORMAT = dwarf;
				ENABLE_STRICT_OBJC_MSGSEND = YES;
				ENABLE_TESTABILITY = YES;
				GCC_C_LANGUAGE_STANDARD = gnu99;
				GCC_DYNAMIC_NO_PIC = NO;
				GCC_NO_COMMON_BLOCKS = YES;
				GCC_OPTIMIZATION_LEVEL = 0;
				GCC_PREPROCESSOR_DEFINITIONS = (
					"DEBUG=1",
					"$(inherited)",
				);
				GCC_WARN_64_TO_32_BIT_CONVERSION = YES;
				GCC_WARN_ABOUT_RETURN_TYPE = YES_ERROR;
				GCC_WARN_UNDECLARED_SELECTOR = YES;
				GCC_WARN_UNINITIALIZED_AUTOS = YES_AGGRESSIVE;
				GCC_WARN_UNUSED_FUNCTION = YES;
				GCC_WARN_UNUSED_VARIABLE = YES;
				IPHONEOS_DEPLOYMENT_TARGET = 10.3;
				MTL_ENABLE_DEBUG_INFO = YES;
				ONLY_ACTIVE_ARCH = YES;
				SDKROOT = iphoneos;
				TARGETED_DEVICE_FAMILY = "1,2";
			};
			name = Debug;
		};
		0E4AB75C1EE8F5A500BD2724 /* Release */ = {
			isa = XCBuildConfiguration;
			buildSettings = {
				ALWAYS_SEARCH_USER_PATHS = NO;
				CLANG_ANALYZER_NONNULL = YES;
				CLANG_ANALYZER_NUMBER_OBJECT_CONVERSION = YES_AGGRESSIVE;
				CLANG_CXX_LANGUAGE_STANDARD = "gnu++0x";
				CLANG_CXX_LIBRARY = "libc++";
				CLANG_ENABLE_MODULES = YES;
				CLANG_ENABLE_OBJC_ARC = YES;
				CLANG_WARN_BOOL_CONVERSION = YES;
				CLANG_WARN_CONSTANT_CONVERSION = YES;
				CLANG_WARN_DIRECT_OBJC_ISA_USAGE = YES_ERROR;
				CLANG_WARN_DOCUMENTATION_COMMENTS = YES;
				CLANG_WARN_EMPTY_BODY = YES;
				CLANG_WARN_ENUM_CONVERSION = YES;
				CLANG_WARN_INFINITE_RECURSION = YES;
				CLANG_WARN_INT_CONVERSION = YES;
				CLANG_WARN_OBJC_ROOT_CLASS = YES_ERROR;
				CLANG_WARN_SUSPICIOUS_MOVE = YES;
				CLANG_WARN_UNREACHABLE_CODE = YES;
				CLANG_WARN__DUPLICATE_METHOD_MATCH = YES;
				"CODE_SIGN_IDENTITY[sdk=iphoneos*]" = "iPhone Developer";
				COPY_PHASE_STRIP = NO;
				DEBUG_INFORMATION_FORMAT = "dwarf-with-dsym";
				ENABLE_NS_ASSERTIONS = NO;
				ENABLE_STRICT_OBJC_MSGSEND = YES;
				GCC_C_LANGUAGE_STANDARD = gnu99;
				GCC_NO_COMMON_BLOCKS = YES;
				GCC_WARN_64_TO_32_BIT_CONVERSION = YES;
				GCC_WARN_ABOUT_RETURN_TYPE = YES_ERROR;
				GCC_WARN_UNDECLARED_SELECTOR = YES;
				GCC_WARN_UNINITIALIZED_AUTOS = YES_AGGRESSIVE;
				GCC_WARN_UNUSED_FUNCTION = YES;
				GCC_WARN_UNUSED_VARIABLE = YES;
				IPHONEOS_DEPLOYMENT_TARGET = 10.3;
				MTL_ENABLE_DEBUG_INFO = NO;
				SDKROOT = iphoneos;
				TARGETED_DEVICE_FAMILY = "1,2";
				VALIDATE_PRODUCT = YES;
			};
			name = Release;
		};
		0E4AB75E1EE8F5A500BD2724 /* Debug */ = {
			isa = XCBuildConfiguration;
			buildSettings = {
				ASSETCATALOG_COMPILER_APPICON_NAME = AppIcon;
				DEVELOPMENT_TEAM = E2ZX76738J;
				INFOPLIST_FILE = JGZAlertViewDemo/Info.plist;
				LD_RUNPATH_SEARCH_PATHS = "$(inherited) @executable_path/Frameworks";
				PRODUCT_BUNDLE_IDENTIFIER = jgzhu.JGZAlertViewDemo;
				PRODUCT_NAME = "$(TARGET_NAME)";
			};
			name = Debug;
		};
		0E4AB75F1EE8F5A500BD2724 /* Release */ = {
			isa = XCBuildConfiguration;
			buildSettings = {
				ASSETCATALOG_COMPILER_APPICON_NAME = AppIcon;
				DEVELOPMENT_TEAM = E2ZX76738J;
				INFOPLIST_FILE = JGZAlertViewDemo/Info.plist;
				LD_RUNPATH_SEARCH_PATHS = "$(inherited) @executable_path/Frameworks";
				PRODUCT_BUNDLE_IDENTIFIER = jgzhu.JGZAlertViewDemo;
				PRODUCT_NAME = "$(TARGET_NAME)";
			};
			name = Release;
		};
/* End XCBuildConfiguration section */

/* Begin XCConfigurationList section */
		0E4AB7411EE8F5A500BD2724 /* Build configuration list for PBXProject "JGZAlertViewDemo" */ = {
			isa = XCConfigurationList;
			buildConfigurations = (
				0E4AB75B1EE8F5A500BD2724 /* Debug */,
				0E4AB75C1EE8F5A500BD2724 /* Release */,
			);
			defaultConfigurationIsVisible = 0;
			defaultConfigurationName = Release;
		};
		0E4AB75D1EE8F5A500BD2724 /* Build configuration list for PBXNativeTarget "JGZAlertViewDemo" */ = {
			isa = XCConfigurationList;
			buildConfigurations = (
				0E4AB75E1EE8F5A500BD2724 /* Debug */,
				0E4AB75F1EE8F5A500BD2724 /* Release */,
			);
			defaultConfigurationIsVisible = 0;
		};
/* End XCConfigurationList section */
	};
	rootObject = 0E4AB73E1EE8F5A500BD2724 /* Project object */;
}
